{
  "name": "GameLog",
  "lockfileVersion": 3,
  "requires": true,
  "packages": {
    "": {
      "dependencies": {
        "react-native-screen": "^1.0.1"
      }
    },
    "node_modules/react-native-screen": {
      "version": "1.0.1",
      "resolved": "https://registry.npmjs.org/react-native-screen/-/react-native-screen-1.0.1.tgz",
      "integrity": "sha512-wdgUV2B/1XIBG1zhyLWtCkDwc2CpfF/TiZdkRnRtSlgibc6Rzjnc96cjYjRLKq8xS229m9+VXP2rbciZLDaBaQ==",
      "license": "ISC"
    }
  }
}
